// !$*UTF8*$!
{
	archiveVersion = 1;
	classes = {
	};
	objectVersion = 46;
	objects = {

/* Begin PBXBuildFile section */
		511455AA1D4A051400F31122 /* main.m in Sources */ = {isa = PBXBuildFile; fileRef = 511455A91D4A051400F31122 /* main.m */; };
		511455AD1D4A051400F31122 /* AppDelegate.m in Sources */ = {isa = PBXBuildFile; fileRef = 511455AC1D4A051400F31122 /* AppDelegate.m */; };
		511455B01D4A051400F31122 /* ViewController.m in Sources */ = {isa = PBXBuildFile; fileRef = 511455AF1D4A051400F31122 /* ViewController.m */; };
		511455B31D4A051400F31122 /* Main.storyboard in Resources */ = {isa = PBXBuildFile; fileRef = 511455B11D4A051400F31122 /* Main.storyboard */; };
		511455B51D4A051400F31122 /* Assets.xcassets in Resources */ = {isa = PBXBuildFile; fileRef = 511455B41D4A051400F31122 /* Assets.xcassets */; };
		511455B81D4A051400F31122 /* LaunchScreen.storyboard in Resources */ = {isa = PBXBuildFile; fileRef = 511455B61D4A051400F31122 /* LaunchScreen.storyboard */; };
		511455C31D4A051400F31122 /* RCGameKitTests.m in Sources */ = {isa = PBXBuildFile; fileRef = 511455C21D4A051400F31122 /* RCGameKitTests.m */; };
		511455CE1D4A051400F31122 /* RCGameKitUITests.m in Sources */ = {isa = PBXBuildFile; fileRef = 511455CD1D4A051400F31122 /* RCGameKitUITests.m */; };
/* End PBXBuildFile section */

/* Begin PBXContainerItemProxy section */
		511455BF1D4A051400F31122 /* PBXContainerItemProxy */ = {
			isa = PBXContainerItemProxy;
			containerPortal = 5114559D1D4A051400F31122 /* Project object */;
			proxyType = 1;
			remoteGlobalIDString = 511455A41D4A051400F31122;
			remoteInfo = RCGameKit;
		};
		511455CA1D4A051400F31122 /* PBXContainerItemProxy */ = {
			isa = PBXContainerItemProxy;
			containerPortal = 5114559D1D4A051400F31122 /* Project object */;
			proxyType = 1;
			remoteGlobalIDString = 511455A41D4A051400F31122;
			remoteInfo = RCGameKit;
		};
/* End PBXContainerItemProxy section */

/* Begin PBXFileReference section */
		511455A51D4A051400F31122 /* RCGameKit.app */ = {isa = PBXFileReference; explicitFileType = wrapper.application; includeInIndex = 0; path = RCGameKit.app; sourceTree = BUILT_PRODUCTS_DIR; };
		511455A91D4A051400F31122 /* main.m */ = {isa = PBXFileReference; lastKnownFileType = sourcecode.c.objc; path = main.m; sourceTree = "<group>"; };
		511455AB1D4A051400F31122 /* AppDelegate.h */ = {isa = PBXFileReference; lastKnownFileType = sourcecode.c.h; path = AppDelegate.h; sourceTree = "<group>"; };
		511455AC1D4A051400F31122 /* AppDelegate.m */ = {isa = PBXFileReference; lastKnownFileType = sourcecode.c.objc; path = AppDelegate.m; sourceTree = "<group>"; };
		511455AE1D4A051400F31122 /* ViewController.h */ = {isa = PBXFileReference; lastKnownFileType = sourcecode.c.h; path = ViewController.h; sourceTree = "<group>"; };
		511455AF1D4A051400F31122 /* ViewController.m */ = {isa = PBXFileReference; lastKnownFileType = sourcecode.c.objc; path = ViewController.m; sourceTree = "<group>"; };
		511455B21D4A051400F31122 /* Base */ = {isa = PBXFileReference; lastKnownFileType = file.storyboard; name = Base; path = Base.lproj/Main.storyboard; sourceTree = "<group>"; };
		511455B41D4A051400F31122 /* Assets.xcassets */ = {isa = PBXFileReference; lastKnownFileType = folder.assetcatalog; path = Assets.xcassets; sourceTree = "<group>"; };
		511455B71D4A051400F31122 /* Base */ = {isa = PBXFileReference; lastKnownFileType = file.storyboard; name = Base; path = Base.lproj/LaunchScreen.storyboard; sourceTree = "<group>"; };
		511455B91D4A051400F31122 /* Info.plist */ = {isa = PBXFileReference; lastKnownFileType = text.plist.xml; path = Info.plist; sourceTree = "<group>"; };
		511455BE1D4A051400F31122 /* RCGameKitTests.xctest */ = {isa = PBXFileReference; explicitFileType = wrapper.cfbundle; includeInIndex = 0; path = RCGameKitTests.xctest; sourceTree = BUILT_PRODUCTS_DIR; };
		511455C21D4A051400F31122 /* RCGameKitTests.m */ = {isa = PBXFileReference; lastKnownFileType = sourcecode.c.objc; path = RCGameKitTests.m; sourceTree = "<group>"; };
		511455C41D4A051400F31122 /* Info.plist */ = {isa = PBXFileReference; lastKnownFileType = text.plist.xml; path = Info.plist; sourceTree = "<group>"; };
		511455C91D4A051400F31122 /* RCGameKitUITests.xctest */ = {isa = PBXFileReference; explicitFileType = wrapper.cfbundle; includeInIndex = 0; path = RCGameKitUITests.xctest; sourceTree = BUILT_PRODUCTS_DIR; };
		511455CD1D4A051400F31122 /* RCGameKitUITests.m */ = {isa = PBXFileReference; lastKnownFileType = sourcecode.c.objc; path = RCGameKitUITests.m; sourceTree = "<group>"; };
		511455CF1D4A051400F31122 /* Info.plist */ = {isa = PBXFileReference; lastKnownFileType = text.plist.xml; path = Info.plist; sourceTree = "<group>"; };
/* End PBXFileReference section */

/* Begin PBXFrameworksBuildPhase section */
		511455A21D4A051400F31122 /* Frameworks */ = {
			isa = PBXFrameworksBuildPhase;
			buildActionMask = 2147483647;
			files = (
			);
			runOnlyForDeploymentPostprocessing = 0;
		};
		511455BB1D4A051400F31122 /* Frameworks */ = {
			isa = PBXFrameworksBuildPhase;
			buildActionMask = 2147483647;
			files = (
			);
			runOnlyForDeploymentPostprocessing = 0;
		};
		511455C61D4A051400F31122 /* Frameworks */ = {
			isa = PBXFrameworksBuildPhase;
			buildActionMask = 2147483647;
			files = (
			);
			runOnlyForDeploymentPostprocessing = 0;
		};
/* End PBXFrameworksBuildPhase section */

/* Begin PBXGroup section */
		5114559C1D4A051400F31122 = {
			isa = PBXGroup;
			children = (
				511455A71D4A051400F31122 /* RCGameKit */,
				511455C11D4A051400F31122 /* RCGameKitTests */,
				511455CC1D4A051400F31122 /* RCGameKitUITests */,
				511455A61D4A051400F31122 /* Products */,
			);
			sourceTree = "<group>";
		};
		511455A61D4A051400F31122 /* Products */ = {
			isa = PBXGroup;
			children = (
				511455A51D4A051400F31122 /* RCGameKit.app */,
				511455BE1D4A051400F31122 /* RCGameKitTests.xctest */,
				511455C91D4A051400F31122 /* RCGameKitUITests.xctest */,
			);
			name = Products;
			sourceTree = "<group>";
		};
		511455A71D4A051400F31122 /* RCGameKit */ = {
			isa = PBXGroup;
			children = (
				511455AB1D4A051400F31122 /* AppDelegate.h */,
				511455AC1D4A051400F31122 /* AppDelegate.m */,
				511455AE1D4A051400F31122 /* ViewController.h */,
				511455AF1D4A051400F31122 /* ViewController.m */,
				511455B11D4A051400F31122 /* Main.storyboard */,
				511455B41D4A051400F31122 /* Assets.xcassets */,
				511455B61D4A051400F31122 /* LaunchScreen.storyboard */,
				511455B91D4A051400F31122 /* Info.plist */,
				511455A81D4A051400F31122 /* Supporting Files */,
			);
			path = RCGameKit;
			sourceTree = "<group>";
		};
		511455A81D4A051400F31122 /* Supporting Files */ = {
			isa = PBXGroup;
			children = (
				511455A91D4A051400F31122 /* main.m */,
			);
			name = "Supporting Files";
			sourceTree = "<group>";
		};
		511455C11D4A051400F31122 /* RCGameKitTests */ = {
			isa = PBXGroup;
			children = (
				511455C21D4A051400F31122 /* RCGameKitTests.m */,
				511455C41D4A051400F31122 /* Info.plist */,
			);
			path = RCGameKitTests;
			sourceTree = "<group>";
		};
		511455CC1D4A051400F31122 /* RCGameKitUITests */ = {
			isa = PBXGroup;
			children = (
				511455CD1D4A051400F31122 /* RCGameKitUITests.m */,
				511455CF1D4A051400F31122 /* Info.plist */,
			);
			path = RCGameKitUITests;
			sourceTree = "<group>";
		};
/* End PBXGroup section */

/* Begin PBXNativeTarget section */
		511455A41D4A051400F31122 /* RCGameKit */ = {
			isa = PBXNativeTarget;
			buildConfigurationList = 511455D21D4A051400F31122 /* Build configuration list for PBXNativeTarget "RCGameKit" */;
			buildPhases = (
				511455A11D4A051400F31122 /* Sources */,
				511455A21D4A051400F31122 /* Frameworks */,
				511455A31D4A051400F31122 /* Resources */,
			);
			buildRules = (
			);
			dependencies = (
			);
			name = RCGameKit;
			productName = RCGameKit;
			productReference = 511455A51D4A051400F31122 /* RCGameKit.app */;
			productType = "com.apple.product-type.application";
		};
		511455BD1D4A051400F31122 /* RCGameKitTests */ = {
			isa = PBXNativeTarget;
			buildConfigurationList = 511455D51D4A051400F31122 /* Build configuration list for PBXNativeTarget "RCGameKitTests" */;
			buildPhases = (
				511455BA1D4A051400F31122 /* Sources */,
				511455BB1D4A051400F31122 /* Frameworks */,
				511455BC1D4A051400F31122 /* Resources */,
			);
			buildRules = (
			);
			dependencies = (
				511455C01D4A051400F31122 /* PBXTargetDependency */,
			);
			name = RCGameKitTests;
			productName = RCGameKitTests;
			productReference = 511455BE1D4A051400F31122 /* RCGameKitTests.xctest */;
			productType = "com.apple.product-type.bundle.unit-test";
		};
		511455C81D4A051400F31122 /* RCGameKitUITests */ = {
			isa = PBXNativeTarget;
			buildConfigurationList = 511455D81D4A051400F31122 /* Build configuration list for PBXNativeTarget "RCGameKitUITests" */;
			buildPhases = (
				511455C51D4A051400F31122 /* Sources */,
				511455C61D4A051400F31122 /* Frameworks */,
				511455C71D4A051400F31122 /* Resources */,
			);
			buildRules = (
			);
			dependencies = (
				511455CB1D4A051400F31122 /* PBXTargetDependency */,
			);
			name = RCGameKitUITests;
			productName = RCGameKitUITests;
			productReference = 511455C91D4A051400F31122 /* RCGameKitUITests.xctest */;
			productType = "com.apple.product-type.bundle.ui-testing";
		};
/* End PBXNativeTarget section */

/* Begin PBXProject section */
		5114559D1D4A051400F31122 /* Project object */ = {
			isa = PBXProject;
			attributes = {
				LastUpgradeCheck = 0730;
				ORGANIZATIONNAME = RongCheng;
				TargetAttributes = {
					511455A41D4A051400F31122 = {
						CreatedOnToolsVersion = 7.3.1;
					};
					511455BD1D4A051400F31122 = {
						CreatedOnToolsVersion = 7.3.1;
						TestTargetID = 511455A41D4A051400F31122;
					};
					511455C81D4A051400F31122 = {
						CreatedOnToolsVersion = 7.3.1;
						TestTargetID = 511455A41D4A051400F31122;
					};
				};
			};
			buildConfigurationList = 511455A01D4A051400F31122 /* Build configuration list for PBXProject "RCGameKit" */;
			compatibilityVersion = "Xcode 3.2";
			developmentRegion = English;
			hasScannedForEncodings = 0;
			knownRegions = (
				en,
				Base,
			);
			mainGroup = 5114559C1D4A051400F31122;
			productRefGroup = 511455A61D4A051400F31122 /* Products */;
			projectDirPath = "";
			projectRoot = "";
			targets = (
				511455A41D4A051400F31122 /* RCGameKit */,
				511455BD1D4A051400F31122 /* RCGameKitTests */,
				511455C81D4A051400F31122 /* RCGameKitUITests */,
			);
		};
/* End PBXProject section */

/* Begin PBXResourcesBuildPhase section */
		511455A31D4A051400F31122 /* Resources */ = {
			isa = PBXResourcesBuildPhase;
			buildActionMask = 2147483647;
			files = (
				511455B81D4A051400F31122 /* LaunchScreen.storyboard in Resources */,
				511455B51D4A051400F31122 /* Assets.xcassets in Resources */,
				511455B31D4A051400F31122 /* Main.storyboard in Resources */,
			);
			runOnlyForDeploymentPostprocessing = 0;
		};
		511455BC1D4A051400F31122 /* Resources */ = {
			isa = PBXResourcesBuildPhase;
			buildActionMask = 2147483647;
			files = (
			);
			runOnlyForDeploymentPostprocessing = 0;
		};
		511455C71D4A051400F31122 /* Resources */ = {
			isa = PBXResourcesBuildPhase;
			buildActionMask = 2147483647;
			files = (
			);
			runOnlyForDeploymentPostprocessing = 0;
		};
/* End PBXResourcesBuildPhase section */

/* Begin PBXSourcesBuildPhase section */
		511455A11D4A051400F31122 /* Sources */ = {
			isa = PBXSourcesBuildPhase;
			buildActionMask = 2147483647;
			files = (
				511455B01D4A051400F31122 /* ViewController.m in Sources */,
				511455AD1D4A051400F31122 /* AppDelegate.m in Sources */,
				511455AA1D4A051400F31122 /* main.m in Sources */,
			);
			runOnlyForDeploymentPostprocessing = 0;
		};
		511455BA1D4A051400F31122 /* Sources */ = {
			isa = PBXSourcesBuildPhase;
			buildActionMask = 2147483647;
			files = (
				511455C31D4A051400F31122 /* RCGameKitTests.m in Sources */,
			);
			runOnlyForDeploymentPostprocessing = 0;
		};
		511455C51D4A051400F31122 /* Sources */ = {
			isa = PBXSourcesBuildPhase;
			buildActionMask = 2147483647;
			files = (
				511455CE1D4A051400F31122 /* RCGameKitUITests.m in Sources */,
			);
			runOnlyForDeploymentPostprocessing = 0;
		};
/* End PBXSourcesBuildPhase section */

/* Begin PBXTargetDependency section */
		511455C01D4A051400F31122 /* PBXTargetDependency */ = {
			isa = PBXTargetDependency;
			target = 511455A41D4A051400F31122 /* RCGameKit */;
			targetProxy = 511455BF1D4A051400F31122 /* PBXContainerItemProxy */;
		};
		511455CB1D4A051400F31122 /* PBXTargetDependency */ = {
			isa = PBXTargetDependency;
			target = 511455A41D4A051400F31122 /* RCGameKit */;
			targetProxy = 511455CA1D4A051400F31122 /* PBXContainerItemProxy */;
		};
/* End PBXTargetDependency section */

/* Begin PBXVariantGroup section */
		511455B11D4A051400F31122 /* Main.storyboard */ = {
			isa = PBXVariantGroup;
			children = (
				511455B21D4A051400F31122 /* Base */,
			);
			name = Main.storyboard;
			sourceTree = "<group>";
		};
		511455B61D4A051400F31122 /* LaunchScreen.storyboard */ = {
			isa = PBXVariantGroup;
			children = (
				511455B71D4A051400F31122 /* Base */,
			);
			name = LaunchScreen.storyboard;
			sourceTree = "<group>";
		};
/* End PBXVariantGroup section */

/* Begin XCBuildConfiguration section */
		511455D01D4A051400F31122 /* Debug */ = {
			isa = XCBuildConfiguration;
			buildSettings = {
				ALWAYS_SEARCH_USER_PATHS = NO;
				CLANG_ANALYZER_NONNULL = YES;
				CLANG_CXX_LANGUAGE_STANDARD = "gnu++0x";
				CLANG_CXX_LIBRARY = "libc++";
				CLANG_ENABLE_MODULES = YES;
				CLANG_ENABLE_OBJC_ARC = YES;
				CLANG_WARN_BOOL_CONVERSION = YES;
				CLANG_WARN_CONSTANT_CONVERSION = YES;
				CLANG_WARN_DIRECT_OBJC_ISA_USAGE = YES_ERROR;
				CLANG_WARN_EMPTY_BODY = YES;
				CLANG_WARN_ENUM_CONVERSION = YES;
				CLANG_WARN_INT_CONVERSION = YES;
				CLANG_WARN_OBJC_ROOT_CLASS = YES_ERROR;
				CLANG_WARN_UNREACHABLE_CODE = YES;
				CLANG_WARN__DUPLICATE_METHOD_MATCH = YES;
				"CODE_SIGN_IDENTITY[sdk=iphoneos*]" = "iPhone Developer";
				COPY_PHASE_STRIP = NO;
				DEBUG_INFORMATION_FORMAT = dwarf;
				ENABLE_STRICT_OBJC_MSGSEND = YES;
				ENABLE_TESTABILITY = YES;
				GCC_C_LANGUAGE_STANDARD = gnu99;
				GCC_DYNAMIC_NO_PIC = NO;
				GCC_NO_COMMON_BLOCKS = YES;
				GCC_OPTIMIZATION_LEVEL = 0;
				GCC_PREPROCESSOR_DEFINITIONS = (
					"DEBUG=1",
					"$(inherited)",
				);
				GCC_WARN_64_TO_32_BIT_CONVERSION = YES;
				GCC_WARN_ABOUT_RETURN_TYPE = YES_ERROR;
				GCC_WARN_UNDECLARED_SELECTOR = YES;
				GCC_WARN_UNINITIALIZED_AUTOS = YES_AGGRESSIVE;
				GCC_WARN_UNUSED_FUNCTION = YES;
				GCC_WARN_UNUSED_VARIABLE = YES;
				IPHONEOS_DEPLOYMENT_TARGET = 9.3;
				MTL_ENABLE_DEBUG_INFO = YES;
				ONLY_ACTIVE_ARCH = YES;
				SDKROOT = iphoneos;
				TARGETED_DEVICE_FAMILY = "1,2";
			};
			name = Debug;
		};
		511455D11D4A051400F31122 /* Release */ = {
			isa = XCBuildConfiguration;
			buildSettings = {
				ALWAYS_SEARCH_USER_PATHS = NO;
				CLANG_ANALYZER_NONNULL = YES;
				CLANG_CXX_LANGUAGE_STANDARD = "gnu++0x";
				CLANG_CXX_LIBRARY = "libc++";
				CLANG_ENABLE_MODULES = YES;
				CLANG_ENABLE_OBJC_ARC = YES;
				CLANG_WARN_BOOL_CONVERSION = YES;
				CLANG_WARN_CONSTANT_CONVERSION = YES;
				CLANG_WARN_DIRECT_OBJC_ISA_USAGE = YES_ERROR;
				CLANG_WARN_EMPTY_BODY = YES;
				CLANG_WARN_ENUM_CONVERSION = YES;
				CLANG_WARN_INT_CONVERSION = YES;
				CLANG_WARN_OBJC_ROOT_CLASS = YES_ERROR;
				CLANG_WARN_UNREACHABLE_CODE = YES;
				CLANG_WARN__DUPLICATE_METHOD_MATCH = YES;
				"CODE_SIGN_IDENTITY[sdk=iphoneos*]" = "iPhone Developer";
				COPY_PHASE_STRIP = NO;
				DEBUG_INFORMATION_FORMAT = "dwarf-with-dsym";
				ENABLE_NS_ASSERTIONS = NO;
				ENABLE_STRICT_OBJC_MSGSEND = YES;
				GCC_C_LANGUAGE_STANDARD = gnu99;
				GCC_NO_COMMON_BLOCKS = YES;
				GCC_WARN_64_TO_32_BIT_CONVERSION = YES;
				GCC_WARN_ABOUT_RETURN_TYPE = YES_ERROR;
				GCC_WARN_UNDECLARED_SELECTOR = YES;
				GCC_WARN_UNINITIALIZED_AUTOS = YES_AGGRESSIVE;
				GCC_WARN_UNUSED_FUNCTION = YES;
				GCC_WARN_UNUSED_VARIABLE = YES;
				IPHONEOS_DEPLOYMENT_TARGET = 9.3;
				MTL_ENABLE_DEBUG_INFO = NO;
				SDKROOT = iphoneos;
				TARGETED_DEVICE_FAMILY = "1,2";
				VALIDATE_PRODUCT = YES;
			};
			name = Release;
		};
		511455D31D4A051400F31122 /* Debug */ = {
			isa = XCBuildConfiguration;
			buildSettings = {
				ASSETCATALOG_COMPILER_APPICON_NAME = AppIcon;
				INFOPLIST_FILE = RCGameKit/Info.plist;
				IPHONEOS_DEPLOYMENT_TARGET = 6.0;
				LD_RUNPATH_SEARCH_PATHS = "$(inherited) @executable_path/Frameworks";
				PRODUCT_BUNDLE_IDENTIFIER = JiYue.com.RCGameKit;
				PRODUCT_NAME = "$(TARGET_NAME)";
			};
			name = Debug;
		};
		511455D41D4A051400F31122 /* Release */ = {
			isa = XCBuildConfiguration;
			buildSettings = {
				ASSETCATALOG_COMPILER_APPICON_NAME = AppIcon;
				INFOPLIST_FILE = RCGameKit/Info.plist;
				IPHONEOS_DEPLOYMENT_TARGET = 6.0;
				LD_RUNPATH_SEARCH_PATHS = "$(inherited) @executable_path/Frameworks";
				PRODUCT_BUNDLE_IDENTIFIER = JiYue.com.RCGameKit;
				PRODUCT_NAME = "$(TARGET_NAME)";
			};
			name = Release;
		};
		511455D61D4A051400F31122 /* Debug */ = {
			isa = XCBuildConfiguration;
			buildSettings = {
				BUNDLE_LOADER = "$(TEST_HOST)";
				INFOPLIST_FILE = RCGameKitTests/Info.plist;
				LD_RUNPATH_SEARCH_PATHS = "$(inherited) @executable_path/Frameworks @loader_path/Frameworks";
				PRODUCT_BUNDLE_IDENTIFIER = JiYue.com.RCGameKitTests;
				PRODUCT_NAME = "$(TARGET_NAME)";
				TEST_HOST = "$(BUILT_PRODUCTS_DIR)/RCGameKit.app/RCGameKit";
			};
			name = Debug;
		};
		511455D71D4A051400F31122 /* Release */ = {
			isa = XCBuildConfiguration;
			buildSettings = {
				BUNDLE_LOADER = "$(TEST_HOST)";
				INFOPLIST_FILE = RCGameKitTests/Info.plist;
				LD_RUNPATH_SEARCH_PATHS = "$(inherited) @executable_path/Frameworks @loader_path/Frameworks";
				PRODUCT_BUNDLE_IDENTIFIER = JiYue.com.RCGameKitTests;
				PRODUCT_NAME = "$(TARGET_NAME)";
				TEST_HOST = "$(BUILT_PRODUCTS_DIR)/RCGameKit.app/RCGameKit";
			};
			name = Release;
		};
		511455D91D4A051400F31122 /* Debug */ = {
			isa = XCBuildConfiguration;
			buildSettings = {
				INFOPLIST_FILE = RCGameKitUITests/Info.plist;
				LD_RUNPATH_SEARCH_PATHS = "$(inherited) @executable_path/Frameworks @loader_path/Frameworks";
				PRODUCT_BUNDLE_IDENTIFIER = JiYue.com.RCGameKitUITests;
				PRODUCT_NAME = "$(TARGET_NAME)";
				TEST_TARGET_NAME = RCGameKit;
			};
			name = Debug;
		};
		511455DA1D4A051400F31122 /* Release */ = {
			isa = XCBuildConfiguration;
			buildSettings = {
				INFOPLIST_FILE = RCGameKitUITests/Info.plist;
				LD_RUNPATH_SEARCH_PATHS = "$(inherited) @executable_path/Frameworks @loader_path/Frameworks";
				PRODUCT_BUNDLE_IDENTIFIER = JiYue.com.RCGameKitUITests;
				PRODUCT_NAME = "$(TARGET_NAME)";
				TEST_TARGET_NAME = RCGameKit;
			};
			name = Release;
		};
/* End XCBuildConfiguration section */

/* Begin XCConfigurationList section */
		511455A01D4A051400F31122 /* Build configuration list for PBXProject "RCGameKit" */ = {
			isa = XCConfigurationList;
			buildConfigurations = (
				511455D01D4A051400F31122 /* Debug */,
				511455D11D4A051400F31122 /* Release */,
			);
			defaultConfigurationIsVisible = 0;
			defaultConfigurationName = Release;
		};
		511455D21D4A051400F31122 /* Build configuration list for PBXNativeTarget "RCGameKit" */ = {
			isa = XCConfigurationList;
			buildConfigurations = (
				511455D31D4A051400F31122 /* Debug */,
				511455D41D4A051400F31122 /* Release */,
			);
			defaultConfigurationIsVisible = 0;
			defaultConfigurationName = Release;
		};
		511455D51D4A051400F31122 /* Build configuration list for PBXNativeTarget "RCGameKitTests" */ = {
			isa = XCConfigurationList;
			buildConfigurations = (
				511455D61D4A051400F31122 /* Debug */,
				511455D71D4A051400F31122 /* Release */,
			);
			defaultConfigurationIsVisible = 0;
			defaultConfigurationName = Release;
		};
		511455D81D4A051400F31122 /* Build configuration list for PBXNativeTarget "RCGameKitUITests" */ = {
			isa = XCConfigurationList;
			buildConfigurations = (
				511455D91D4A051400F31122 /* Debug */,
				511455DA1D4A051400F31122 /* Release */,
			);
			defaultConfigurationIsVisible = 0;
			defaultConfigurationName = Release;
		};
/* End XCConfigurationList section */
	};
	rootObject = 5114559D1D4A051400F31122 /* Project object */;
}
